// !$*UTF8*$!
{
	archiveVersion = 1;
	classes = {
	};
	objectVersion = 46;
	objects = {

/* Begin PBXBuildFile section */
		63C060DE4449329CFA57828C /* Pods_taximatico_ios.framework in Frameworks */ = {isa = PBXBuildFile; fileRef = 9ADD4FB0C496B8B999003AAC /* Pods_taximatico_ios.framework */; settings = {ATTRIBUTES = (Weak, ); }; };
		DF3C94ED1AEEEF8A00F9C2B4 /* Operators.swift in Sources */ = {isa = PBXBuildFile; fileRef = DF3C94EC1AEEEF8A00F9C2B4 /* Operators.swift */; };
		DF59A5A41AEC021E00B5913A /* TXNetworking.swift in Sources */ = {isa = PBXBuildFile; fileRef = DF59A5A31AEC021E00B5913A /* TXNetworking.swift */; };
		DF59A5A61AEC056000B5913A /* Endpoints.swift in Sources */ = {isa = PBXBuildFile; fileRef = DF59A5A51AEC056000B5913A /* Endpoints.swift */; };
		DF59A5A91AEC09C500B5913A /* TXUIKit.swift in Sources */ = {isa = PBXBuildFile; fileRef = DF59A5A81AEC09C500B5913A /* TXUIKit.swift */; };
		DF59A5AC1AEC0D9700B5913A /* TXFoundation.swift in Sources */ = {isa = PBXBuildFile; fileRef = DF59A5AB1AEC0D9700B5913A /* TXFoundation.swift */; };
		DF59A5B41AEC257500B5913A /* Session.swift in Sources */ = {isa = PBXBuildFile; fileRef = DF59A5B31AEC257500B5913A /* Session.swift */; };
		DF59A5B61AEC2D1F00B5913A /* TXURL.swift in Sources */ = {isa = PBXBuildFile; fileRef = DF59A5B51AEC2D1F00B5913A /* TXURL.swift */; };
		DF59A5B81AEC2E7700B5913A /* TXDictionary.swift in Sources */ = {isa = PBXBuildFile; fileRef = DF59A5B71AEC2E7700B5913A /* TXDictionary.swift */; };
		DFBC17BC1AEC429700AAD246 /* TXColor.swift in Sources */ = {isa = PBXBuildFile; fileRef = DFBC17BB1AEC429700AAD246 /* TXColor.swift */; };
		DFBC17BF1AEC487C00AAD246 /* Driver.swift in Sources */ = {isa = PBXBuildFile; fileRef = DFBC17BE1AEC487C00AAD246 /* Driver.swift */; };
		DFD126201AF194A6003F2B75 /* ReactiveCocoa.framework in Frameworks */ = {isa = PBXBuildFile; fileRef = DFD1261F1AF194A6003F2B75 /* ReactiveCocoa.framework */; };
		DFD126221AF1A37F003F2B75 /* ReactiveCocoa.framework in Frameworks */ = {isa = PBXBuildFile; fileRef = DFD1261F1AF194A6003F2B75 /* ReactiveCocoa.framework */; };
		DFD126231AF1A37F003F2B75 /* ReactiveCocoa.framework in Embed Frameworks */ = {isa = PBXBuildFile; fileRef = DFD1261F1AF194A6003F2B75 /* ReactiveCocoa.framework */; settings = {ATTRIBUTES = (CodeSignOnCopy, RemoveHeadersOnCopy, ); }; };
		DFE933B41AEBF38E00007739 /* AppDelegate.swift in Sources */ = {isa = PBXBuildFile; fileRef = DFE933B31AEBF38E00007739 /* AppDelegate.swift */; };
		DFE933BB1AEBF38E00007739 /* Images.xcassets in Resources */ = {isa = PBXBuildFile; fileRef = DFE933BA1AEBF38E00007739 /* Images.xcassets */; };
		DFE933BE1AEBF38E00007739 /* LaunchScreen.xib in Resources */ = {isa = PBXBuildFile; fileRef = DFE933BC1AEBF38E00007739 /* LaunchScreen.xib */; };
		DFE933CA1AEBF38F00007739 /* taximatico_iosTests.swift in Sources */ = {isa = PBXBuildFile; fileRef = DFE933C91AEBF38F00007739 /* taximatico_iosTests.swift */; };
		DFE933D51AEBF6CF00007739 /* LoginViewController.swift in Sources */ = {isa = PBXBuildFile; fileRef = DFE933D41AEBF6CF00007739 /* LoginViewController.swift */; };
/* End PBXBuildFile section */

/* Begin PBXContainerItemProxy section */
		DFE933C41AEBF38F00007739 /* PBXContainerItemProxy */ = {
			isa = PBXContainerItemProxy;
			containerPortal = DFE933A61AEBF38E00007739 /* Project object */;
			proxyType = 1;
			remoteGlobalIDString = DFE933AD1AEBF38E00007739;
			remoteInfo = taximatico_ios;
		};
/* End PBXContainerItemProxy section */

/* Begin PBXCopyFilesBuildPhase section */
		DFD126241AF1A37F003F2B75 /* Embed Frameworks */ = {
			isa = PBXCopyFilesBuildPhase;
			buildActionMask = 2147483647;
			dstPath = "";
			dstSubfolderSpec = 10;
			files = (
				DFD126231AF1A37F003F2B75 /* ReactiveCocoa.framework in Embed Frameworks */,
			);
			name = "Embed Frameworks";
			runOnlyForDeploymentPostprocessing = 0;
		};
/* End PBXCopyFilesBuildPhase section */

/* Begin PBXFileReference section */
		29D5542C88EB5831DE2EC2F2 /* Pods-taximatico_ios.release.xcconfig */ = {isa = PBXFileReference; includeInIndex = 1; lastKnownFileType = text.xcconfig; name = "Pods-taximatico_ios.release.xcconfig"; path = "Pods/Target Support Files/Pods-taximatico_ios/Pods-taximatico_ios.release.xcconfig"; sourceTree = "<group>"; };
		5EEB0D7A1339758651CA434E /* Pods-taximatico_ios.debug.xcconfig */ = {isa = PBXFileReference; includeInIndex = 1; lastKnownFileType = text.xcconfig; name = "Pods-taximatico_ios.debug.xcconfig"; path = "Pods/Target Support Files/Pods-taximatico_ios/Pods-taximatico_ios.debug.xcconfig"; sourceTree = "<group>"; };
		9ADD4FB0C496B8B999003AAC /* Pods_taximatico_ios.framework */ = {isa = PBXFileReference; explicitFileType = wrapper.framework; includeInIndex = 0; path = Pods_taximatico_ios.framework; sourceTree = BUILT_PRODUCTS_DIR; };
		DF2A0EC71AF18FFE0038B3B5 /* ReactiveCocoa.framework */ = {isa = PBXFileReference; lastKnownFileType = wrapper.framework; path = ReactiveCocoa.framework; sourceTree = "<group>"; };
		DF3C94EC1AEEEF8A00F9C2B4 /* Operators.swift */ = {isa = PBXFileReference; fileEncoding = 4; lastKnownFileType = sourcecode.swift; path = Operators.swift; sourceTree = "<group>"; };
		DF59A5A31AEC021E00B5913A /* TXNetworking.swift */ = {isa = PBXFileReference; fileEncoding = 4; lastKnownFileType = sourcecode.swift; path = TXNetworking.swift; sourceTree = "<group>"; };
		DF59A5A51AEC056000B5913A /* Endpoints.swift */ = {isa = PBXFileReference; fileEncoding = 4; lastKnownFileType = sourcecode.swift; path = Endpoints.swift; sourceTree = "<group>"; };
		DF59A5A81AEC09C500B5913A /* TXUIKit.swift */ = {isa = PBXFileReference; fileEncoding = 4; lastKnownFileType = sourcecode.swift; path = TXUIKit.swift; sourceTree = "<group>"; };
		DF59A5AB1AEC0D9700B5913A /* TXFoundation.swift */ = {isa = PBXFileReference; fileEncoding = 4; lastKnownFileType = sourcecode.swift; path = TXFoundation.swift; sourceTree = "<group>"; };
		DF59A5B31AEC257500B5913A /* Session.swift */ = {isa = PBXFileReference; fileEncoding = 4; lastKnownFileType = sourcecode.swift; path = Session.swift; sourceTree = "<group>"; };
		DF59A5B51AEC2D1F00B5913A /* TXURL.swift */ = {isa = PBXFileReference; fileEncoding = 4; lastKnownFileType = sourcecode.swift; path = TXURL.swift; sourceTree = "<group>"; };
		DF59A5B71AEC2E7700B5913A /* TXDictionary.swift */ = {isa = PBXFileReference; fileEncoding = 4; lastKnownFileType = sourcecode.swift; path = TXDictionary.swift; sourceTree = "<group>"; };
		DFBC17BB1AEC429700AAD246 /* TXColor.swift */ = {isa = PBXFileReference; fileEncoding = 4; lastKnownFileType = sourcecode.swift; path = TXColor.swift; sourceTree = "<group>"; };
		DFBC17BE1AEC487C00AAD246 /* Driver.swift */ = {isa = PBXFileReference; fileEncoding = 4; lastKnownFileType = sourcecode.swift; path = Driver.swift; sourceTree = "<group>"; };
		DFD1261F1AF194A6003F2B75 /* ReactiveCocoa.framework */ = {isa = PBXFileReference; lastKnownFileType = wrapper.framework; path = ReactiveCocoa.framework; sourceTree = "<group>"; };
		DFE933AE1AEBF38E00007739 /* taximatico_ios.app */ = {isa = PBXFileReference; explicitFileType = wrapper.application; includeInIndex = 0; path = taximatico_ios.app; sourceTree = BUILT_PRODUCTS_DIR; };
		DFE933B21AEBF38E00007739 /* Info.plist */ = {isa = PBXFileReference; lastKnownFileType = text.plist.xml; path = Info.plist; sourceTree = "<group>"; };
		DFE933B31AEBF38E00007739 /* AppDelegate.swift */ = {isa = PBXFileReference; lastKnownFileType = sourcecode.swift; path = AppDelegate.swift; sourceTree = "<group>"; };
		DFE933BA1AEBF38E00007739 /* Images.xcassets */ = {isa = PBXFileReference; lastKnownFileType = folder.assetcatalog; path = Images.xcassets; sourceTree = "<group>"; };
		DFE933BD1AEBF38E00007739 /* Base */ = {isa = PBXFileReference; lastKnownFileType = file.xib; name = Base; path = Base.lproj/LaunchScreen.xib; sourceTree = "<group>"; };
		DFE933C31AEBF38F00007739 /* taximatico_iosTests.xctest */ = {isa = PBXFileReference; explicitFileType = wrapper.cfbundle; includeInIndex = 0; path = taximatico_iosTests.xctest; sourceTree = BUILT_PRODUCTS_DIR; };
		DFE933C81AEBF38F00007739 /* Info.plist */ = {isa = PBXFileReference; lastKnownFileType = text.plist.xml; path = Info.plist; sourceTree = "<group>"; };
		DFE933C91AEBF38F00007739 /* taximatico_iosTests.swift */ = {isa = PBXFileReference; lastKnownFileType = sourcecode.swift; path = taximatico_iosTests.swift; sourceTree = "<group>"; };
		DFE933D41AEBF6CF00007739 /* LoginViewController.swift */ = {isa = PBXFileReference; fileEncoding = 4; lastKnownFileType = sourcecode.swift; path = LoginViewController.swift; sourceTree = "<group>"; };
/* End PBXFileReference section */

/* Begin PBXFrameworksBuildPhase section */
		DFE933AB1AEBF38E00007739 /* Frameworks */ = {
			isa = PBXFrameworksBuildPhase;
			buildActionMask = 2147483647;
			files = (
				63C060DE4449329CFA57828C /* Pods_taximatico_ios.framework in Frameworks */,
				DFD126221AF1A37F003F2B75 /* ReactiveCocoa.framework in Frameworks */,
				DFD126201AF194A6003F2B75 /* ReactiveCocoa.framework in Frameworks */,
			);
			runOnlyForDeploymentPostprocessing = 0;
		};
		DFE933C01AEBF38F00007739 /* Frameworks */ = {
			isa = PBXFrameworksBuildPhase;
			buildActionMask = 2147483647;
			files = (
			);
			runOnlyForDeploymentPostprocessing = 0;
		};
/* End PBXFrameworksBuildPhase section */

/* Begin PBXGroup section */
		777E3EB804FBE5663AD59B0D /* Frameworks */ = {
			isa = PBXGroup;
			children = (
				DFD1261F1AF194A6003F2B75 /* ReactiveCocoa.framework */,
				9ADD4FB0C496B8B999003AAC /* Pods_taximatico_ios.framework */,
			);
			name = Frameworks;
			path = taximatico_ios/Frameworks;
			sourceTree = "<group>";
		};
		7E2A8F0F154AC7E09813AF4D /* Pods */ = {
			isa = PBXGroup;
			children = (
				5EEB0D7A1339758651CA434E /* Pods-taximatico_ios.debug.xcconfig */,
				29D5542C88EB5831DE2EC2F2 /* Pods-taximatico_ios.release.xcconfig */,
			);
			name = Pods;
			sourceTree = "<group>";
		};
		DF2A0EC61AF18FEC0038B3B5 /* Frameworks */ = {
			isa = PBXGroup;
			children = (
				DF2A0EC71AF18FFE0038B3B5 /* ReactiveCocoa.framework */,
			);
			path = Frameworks;
			sourceTree = "<group>";
		};
		DF59A5A21AEC01EC00B5913A /* Networking */ = {
			isa = PBXGroup;
			children = (
				DF59A5A31AEC021E00B5913A /* TXNetworking.swift */,
				DF59A5A51AEC056000B5913A /* Endpoints.swift */,
			);
			path = Networking;
			sourceTree = "<group>";
		};
		DF59A5A71AEC09B100B5913A /* TXUIKit */ = {
			isa = PBXGroup;
			children = (
				DF59A5A81AEC09C500B5913A /* TXUIKit.swift */,
				DFBC17BB1AEC429700AAD246 /* TXColor.swift */,
			);
			path = TXUIKit;
			sourceTree = "<group>";
		};
		DF59A5AA1AEC0D7E00B5913A /* TXFoundation */ = {
			isa = PBXGroup;
			children = (
				DF59A5AB1AEC0D9700B5913A /* TXFoundation.swift */,
				DF59A5B51AEC2D1F00B5913A /* TXURL.swift */,
				DF59A5B71AEC2E7700B5913A /* TXDictionary.swift */,
				DF3C94EC1AEEEF8A00F9C2B4 /* Operators.swift */,
			);
			path = TXFoundation;
			sourceTree = "<group>";
		};
		DF59A5B21AEC257500B5913A /* SessionsManager */ = {
			isa = PBXGroup;
			children = (
				DF59A5B31AEC257500B5913A /* Session.swift */,
			);
			path = SessionsManager;
			sourceTree = "<group>";
		};
		DFBC17BD1AEC486C00AAD246 /* Models */ = {
			isa = PBXGroup;
			children = (
				DFBC17BE1AEC487C00AAD246 /* Driver.swift */,
			);
			path = Models;
			sourceTree = "<group>";
		};
		DFE933A51AEBF38E00007739 = {
			isa = PBXGroup;
			children = (
				DFE933B01AEBF38E00007739 /* taximatico_ios */,
				DFE933C61AEBF38F00007739 /* taximatico_iosTests */,
				DFE933AF1AEBF38E00007739 /* Products */,
				7E2A8F0F154AC7E09813AF4D /* Pods */,
				777E3EB804FBE5663AD59B0D /* Frameworks */,
			);
			sourceTree = "<group>";
		};
		DFE933AF1AEBF38E00007739 /* Products */ = {
			isa = PBXGroup;
			children = (
				DFE933AE1AEBF38E00007739 /* taximatico_ios.app */,
				DFE933C31AEBF38F00007739 /* taximatico_iosTests.xctest */,
			);
			name = Products;
			sourceTree = "<group>";
		};
		DFE933B01AEBF38E00007739 /* taximatico_ios */ = {
			isa = PBXGroup;
			children = (
				DF2A0EC61AF18FEC0038B3B5 /* Frameworks */,
				DFE933B31AEBF38E00007739 /* AppDelegate.swift */,
				DFBC17BD1AEC486C00AAD246 /* Models */,
				DF59A5B21AEC257500B5913A /* SessionsManager */,
				DF59A5AA1AEC0D7E00B5913A /* TXFoundation */,
				DFE933D31AEBF68E00007739 /* LoginViewController */,
				DF59A5A71AEC09B100B5913A /* TXUIKit */,
				DF59A5A21AEC01EC00B5913A /* Networking */,
				DFE933BA1AEBF38E00007739 /* Images.xcassets */,
				DFE933BC1AEBF38E00007739 /* LaunchScreen.xib */,
				DFE933B11AEBF38E00007739 /* Supporting Files */,
			);
			path = taximatico_ios;
			sourceTree = "<group>";
		};
		DFE933B11AEBF38E00007739 /* Supporting Files */ = {
			isa = PBXGroup;
			children = (
				DFE933B21AEBF38E00007739 /* Info.plist */,
			);
			name = "Supporting Files";
			sourceTree = "<group>";
		};
		DFE933C61AEBF38F00007739 /* taximatico_iosTests */ = {
			isa = PBXGroup;
			children = (
				DFE933C91AEBF38F00007739 /* taximatico_iosTests.swift */,
				DFE933C71AEBF38F00007739 /* Supporting Files */,
			);
			path = taximatico_iosTests;
			sourceTree = "<group>";
		};
		DFE933C71AEBF38F00007739 /* Supporting Files */ = {
			isa = PBXGroup;
			children = (
				DFE933C81AEBF38F00007739 /* Info.plist */,
			);
			name = "Supporting Files";
			sourceTree = "<group>";
		};
		DFE933D31AEBF68E00007739 /* LoginViewController */ = {
			isa = PBXGroup;
			children = (
				DFE933D41AEBF6CF00007739 /* LoginViewController.swift */,
			);
			path = LoginViewController;
			sourceTree = "<group>";
		};
/* End PBXGroup section */

/* Begin PBXNativeTarget section */
		DFE933AD1AEBF38E00007739 /* taximatico_ios */ = {
			isa = PBXNativeTarget;
			buildConfigurationList = DFE933CD1AEBF38F00007739 /* Build configuration list for PBXNativeTarget "taximatico_ios" */;
			buildPhases = (
				5D0BBC36E739BEA87376C38E /* Check Pods Manifest.lock */,
				DFE933AA1AEBF38E00007739 /* Sources */,
				DFE933AB1AEBF38E00007739 /* Frameworks */,
				DFE933AC1AEBF38E00007739 /* Resources */,
				8D34CD72B01227FC5CA3987C /* Embed Pods Frameworks */,
				4A2AF51772AC963052C2298A /* Copy Pods Resources */,
				DFD126241AF1A37F003F2B75 /* Embed Frameworks */,
			);
			buildRules = (
			);
			dependencies = (
			);
			name = taximatico_ios;
			productName = taximatico_ios;
			productReference = DFE933AE1AEBF38E00007739 /* taximatico_ios.app */;
			productType = "com.apple.product-type.application";
		};
		DFE933C21AEBF38F00007739 /* taximatico_iosTests */ = {
			isa = PBXNativeTarget;
			buildConfigurationList = DFE933D01AEBF38F00007739 /* Build configuration list for PBXNativeTarget "taximatico_iosTests" */;
			buildPhases = (
				DFE933BF1AEBF38F00007739 /* Sources */,
				DFE933C01AEBF38F00007739 /* Frameworks */,
				DFE933C11AEBF38F00007739 /* Resources */,
			);
			buildRules = (
			);
			dependencies = (
				DFE933C51AEBF38F00007739 /* PBXTargetDependency */,
			);
			name = taximatico_iosTests;
			productName = taximatico_iosTests;
			productReference = DFE933C31AEBF38F00007739 /* taximatico_iosTests.xctest */;
			productType = "com.apple.product-type.bundle.unit-test";
		};
/* End PBXNativeTarget section */

/* Begin PBXProject section */
		DFE933A61AEBF38E00007739 /* Project object */ = {
			isa = PBXProject;
			attributes = {
				LastUpgradeCheck = 0630;
				ORGANIZATIONNAME = Taximatico;
				TargetAttributes = {
					DFE933AD1AEBF38E00007739 = {
						CreatedOnToolsVersion = 6.3;
					};
					DFE933C21AEBF38F00007739 = {
						CreatedOnToolsVersion = 6.3;
						TestTargetID = DFE933AD1AEBF38E00007739;
					};
				};
			};
			buildConfigurationList = DFE933A91AEBF38E00007739 /* Build configuration list for PBXProject "taximatico_ios" */;
			compatibilityVersion = "Xcode 3.2";
			developmentRegion = English;
			hasScannedForEncodings = 0;
			knownRegions = (
				en,
				Base,
			);
			mainGroup = DFE933A51AEBF38E00007739;
			productRefGroup = DFE933AF1AEBF38E00007739 /* Products */;
			projectDirPath = "";
			projectRoot = "";
			targets = (
				DFE933AD1AEBF38E00007739 /* taximatico_ios */,
				DFE933C21AEBF38F00007739 /* taximatico_iosTests */,
			);
		};
/* End PBXProject section */

/* Begin PBXResourcesBuildPhase section */
		DFE933AC1AEBF38E00007739 /* Resources */ = {
			isa = PBXResourcesBuildPhase;
			buildActionMask = 2147483647;
			files = (
				DFE933BE1AEBF38E00007739 /* LaunchScreen.xib in Resources */,
				DFE933BB1AEBF38E00007739 /* Images.xcassets in Resources */,
			);
			runOnlyForDeploymentPostprocessing = 0;
		};
		DFE933C11AEBF38F00007739 /* Resources */ = {
			isa = PBXResourcesBuildPhase;
			buildActionMask = 2147483647;
			files = (
			);
			runOnlyForDeploymentPostprocessing = 0;
		};
/* End PBXResourcesBuildPhase section */

/* Begin PBXShellScriptBuildPhase section */
		4A2AF51772AC963052C2298A /* Copy Pods Resources */ = {
			isa = PBXShellScriptBuildPhase;
			buildActionMask = 2147483647;
			files = (
			);
			inputPaths = (
			);
			name = "Copy Pods Resources";
			outputPaths = (
			);
			runOnlyForDeploymentPostprocessing = 0;
			shellPath = /bin/sh;
			shellScript = "\"${SRCROOT}/Pods/Target Support Files/Pods-taximatico_ios/Pods-taximatico_ios-resources.sh\"\n";
			showEnvVarsInLog = 0;
		};
		5D0BBC36E739BEA87376C38E /* Check Pods Manifest.lock */ = {
			isa = PBXShellScriptBuildPhase;
			buildActionMask = 2147483647;
			files = (
			);
			inputPaths = (
			);
			name = "Check Pods Manifest.lock";
			outputPaths = (
			);
			runOnlyForDeploymentPostprocessing = 0;
			shellPath = /bin/sh;
			shellScript = "diff \"${PODS_ROOT}/../Podfile.lock\" \"${PODS_ROOT}/Manifest.lock\" > /dev/null\nif [[ $? != 0 ]] ; then\n    cat << EOM\nerror: The sandbox is not in sync with the Podfile.lock. Run 'pod install' or update your CocoaPods installation.\nEOM\n    exit 1\nfi\n";
			showEnvVarsInLog = 0;
		};
		8D34CD72B01227FC5CA3987C /* Embed Pods Frameworks */ = {
			isa = PBXShellScriptBuildPhase;
			buildActionMask = 2147483647;
			files = (
			);
			inputPaths = (
			);
			name = "Embed Pods Frameworks";
			outputPaths = (
			);
			runOnlyForDeploymentPostprocessing = 0;
			shellPath = /bin/sh;
			shellScript = "\"${SRCROOT}/Pods/Target Support Files/Pods-taximatico_ios/Pods-taximatico_ios-frameworks.sh\"\n";
			showEnvVarsInLog = 0;
		};
/* End PBXShellScriptBuildPhase section */

/* Begin PBXSourcesBuildPhase section */
		DFE933AA1AEBF38E00007739 /* Sources */ = {
			isa = PBXSourcesBuildPhase;
			buildActionMask = 2147483647;
			files = (
				DFBC17BF1AEC487C00AAD246 /* Driver.swift in Sources */,
				DFE933D51AEBF6CF00007739 /* LoginViewController.swift in Sources */,
				DFBC17BC1AEC429700AAD246 /* TXColor.swift in Sources */,
				DFE933B41AEBF38E00007739 /* AppDelegate.swift in Sources */,
				DF59A5B81AEC2E7700B5913A /* TXDictionary.swift in Sources */,
				DF3C94ED1AEEEF8A00F9C2B4 /* Operators.swift in Sources */,
				DF59A5B41AEC257500B5913A /* Session.swift in Sources */,
				DF59A5AC1AEC0D9700B5913A /* TXFoundation.swift in Sources */,
				DF59A5A61AEC056000B5913A /* Endpoints.swift in Sources */,
				DF59A5B61AEC2D1F00B5913A /* TXURL.swift in Sources */,
				DF59A5A91AEC09C500B5913A /* TXUIKit.swift in Sources */,
				DF59A5A41AEC021E00B5913A /* TXNetworking.swift in Sources */,
			);
			runOnlyForDeploymentPostprocessing = 0;
		};
		DFE933BF1AEBF38F00007739 /* Sources */ = {
			isa = PBXSourcesBuildPhase;
			buildActionMask = 2147483647;
			files = (
				DFE933CA1AEBF38F00007739 /* taximatico_iosTests.swift in Sources */,
			);
			runOnlyForDeploymentPostprocessing = 0;
		};
/* End PBXSourcesBuildPhase section */

/* Begin PBXTargetDependency section */
		DFE933C51AEBF38F00007739 /* PBXTargetDependency */ = {
			isa = PBXTargetDependency;
			target = DFE933AD1AEBF38E00007739 /* taximatico_ios */;
			targetProxy = DFE933C41AEBF38F00007739 /* PBXContainerItemProxy */;
		};
/* End PBXTargetDependency section */

/* Begin PBXVariantGroup section */
		DFE933BC1AEBF38E00007739 /* LaunchScreen.xib */ = {
			isa = PBXVariantGroup;
			children = (
				DFE933BD1AEBF38E00007739 /* Base */,
			);
			name = LaunchScreen.xib;
			sourceTree = "<group>";
		};
/* End PBXVariantGroup section */

/* Begin XCBuildConfiguration section */
		DFE933CB1AEBF38F00007739 /* Debug */ = {
			isa = XCBuildConfiguration;
			buildSettings = {
				ALWAYS_SEARCH_USER_PATHS = NO;
				CLANG_CXX_LANGUAGE_STANDARD = "gnu++0x";
				CLANG_CXX_LIBRARY = "libc++";
				CLANG_ENABLE_MODULES = YES;
				CLANG_ENABLE_OBJC_ARC = YES;
				CLANG_WARN_BOOL_CONVERSION = YES;
				CLANG_WARN_CONSTANT_CONVERSION = YES;
				CLANG_WARN_DIRECT_OBJC_ISA_USAGE = YES_ERROR;
				CLANG_WARN_EMPTY_BODY = YES;
				CLANG_WARN_ENUM_CONVERSION = YES;
				CLANG_WARN_INT_CONVERSION = YES;
				CLANG_WARN_OBJC_ROOT_CLASS = YES_ERROR;
				CLANG_WARN_UNREACHABLE_CODE = YES;
				CLANG_WARN__DUPLICATE_METHOD_MATCH = YES;
				"CODE_SIGN_IDENTITY[sdk=iphoneos*]" = "iPhone Developer";
				COPY_PHASE_STRIP = NO;
				DEBUG_INFORMATION_FORMAT = "dwarf-with-dsym";
				ENABLE_STRICT_OBJC_MSGSEND = YES;
				GCC_C_LANGUAGE_STANDARD = gnu99;
				GCC_DYNAMIC_NO_PIC = NO;
				GCC_NO_COMMON_BLOCKS = YES;
				GCC_OPTIMIZATION_LEVEL = 0;
				GCC_PREPROCESSOR_DEFINITIONS = (
					"DEBUG=1",
					"$(inherited)",
				);
				GCC_SYMBOLS_PRIVATE_EXTERN = NO;
				GCC_WARN_64_TO_32_BIT_CONVERSION = YES;
				GCC_WARN_ABOUT_RETURN_TYPE = YES_ERROR;
				GCC_WARN_UNDECLARED_SELECTOR = YES;
				GCC_WARN_UNINITIALIZED_AUTOS = YES_AGGRESSIVE;
				GCC_WARN_UNUSED_FUNCTION = YES;
				GCC_WARN_UNUSED_VARIABLE = YES;
				IPHONEOS_DEPLOYMENT_TARGET = 8.3;
				MTL_ENABLE_DEBUG_INFO = YES;
				ONLY_ACTIVE_ARCH = YES;
				SDKROOT = iphoneos;
				SWIFT_OPTIMIZATION_LEVEL = "-Onone";
			};
			name = Debug;
		};
		DFE933CC1AEBF38F00007739 /* Release */ = {
			isa = XCBuildConfiguration;
			buildSettings = {
				ALWAYS_SEARCH_USER_PATHS = NO;
				CLANG_CXX_LANGUAGE_STANDARD = "gnu++0x";
				CLANG_CXX_LIBRARY = "libc++";
				CLANG_ENABLE_MODULES = YES;
				CLANG_ENABLE_OBJC_ARC = YES;
				CLANG_WARN_BOOL_CONVERSION = YES;
				CLANG_WARN_CONSTANT_CONVERSION = YES;
				CLANG_WARN_DIRECT_OBJC_ISA_USAGE = YES_ERROR;
				CLANG_WARN_EMPTY_BODY = YES;
				CLANG_WARN_ENUM_CONVERSION = YES;
				CLANG_WARN_INT_CONVERSION = YES;
				CLANG_WARN_OBJC_ROOT_CLASS = YES_ERROR;
				CLANG_WARN_UNREACHABLE_CODE = YES;
				CLANG_WARN__DUPLICATE_METHOD_MATCH = YES;
				"CODE_SIGN_IDENTITY[sdk=iphoneos*]" = "iPhone Developer";
				COPY_PHASE_STRIP = NO;
				DEBUG_INFORMATION_FORMAT = "dwarf-with-dsym";
				ENABLE_NS_ASSERTIONS = NO;
				ENABLE_STRICT_OBJC_MSGSEND = YES;
				GCC_C_LANGUAGE_STANDARD = gnu99;
				GCC_NO_COMMON_BLOCKS = YES;
				GCC_WARN_64_TO_32_BIT_CONVERSION = YES;
				GCC_WARN_ABOUT_RETURN_TYPE = YES_ERROR;
				GCC_WARN_UNDECLARED_SELECTOR = YES;
				GCC_WARN_UNINITIALIZED_AUTOS = YES_AGGRESSIVE;
				GCC_WARN_UNUSED_FUNCTION = YES;
				GCC_WARN_UNUSED_VARIABLE = YES;
				IPHONEOS_DEPLOYMENT_TARGET = 8.3;
				MTL_ENABLE_DEBUG_INFO = NO;
				SDKROOT = iphoneos;
				VALIDATE_PRODUCT = YES;
			};
			name = Release;
		};
		DFE933CE1AEBF38F00007739 /* Debug */ = {
			isa = XCBuildConfiguration;
			baseConfigurationReference = 5EEB0D7A1339758651CA434E /* Pods-taximatico_ios.debug.xcconfig */;
			buildSettings = {
				ASSETCATALOG_COMPILER_APPICON_NAME = AppIcon;
				FRAMEWORK_SEARCH_PATHS = (
					"$(inherited)",
					"$(PROJECT_DIR)/taximatico_ios/Frameworks",
				);
				INFOPLIST_FILE = taximatico_ios/Info.plist;
				IPHONEOS_DEPLOYMENT_TARGET = 8.0;
				LD_RUNPATH_SEARCH_PATHS = "$(inherited) taximatico_ios/Frameworks @executable_path/Frameworks";
				OTHER_LDFLAGS = (
					"$(inherited)",
					"-ObjC",
					"-framework",
					"\"LlamaKit\"",
				);
				PRODUCT_NAME = "$(TARGET_NAME)";
			};
			name = Debug;
		};
		DFE933CF1AEBF38F00007739 /* Release */ = {
			isa = XCBuildConfiguration;
			baseConfigurationReference = 29D5542C88EB5831DE2EC2F2 /* Pods-taximatico_ios.release.xcconfig */;
			buildSettings = {
				ASSETCATALOG_COMPILER_APPICON_NAME = AppIcon;
				FRAMEWORK_SEARCH_PATHS = (
					"$(inherited)",
					"$(PROJECT_DIR)/taximatico_ios/Frameworks",
				);
				INFOPLIST_FILE = taximatico_ios/Info.plist;
				IPHONEOS_DEPLOYMENT_TARGET = 8.0;
				LD_RUNPATH_SEARCH_PATHS = "$(inherited) taximatico_ios/Frameworks @executable_path/Frameworks";
				OTHER_LDFLAGS = (
					"$(inherited)",
					"-ObjC",
					"-framework",
					"\"LlamaKit\"",
				);
				PRODUCT_NAME = "$(TARGET_NAME)";
			};
			name = Release;
		};
		DFE933D11AEBF38F00007739 /* Debug */ = {
			isa = XCBuildConfiguration;
			buildSettings = {
				BUNDLE_LOADER = "$(TEST_HOST)";
				FRAMEWORK_SEARCH_PATHS = (
					"$(SDKROOT)/Developer/Library/Frameworks",
					"$(inherited)",
				);
				GCC_PREPROCESSOR_DEFINITIONS = (
					"DEBUG=1",
					"$(inherited)",
				);
				INFOPLIST_FILE = taximatico_iosTests/Info.plist;
				LD_RUNPATH_SEARCH_PATHS = "$(inherited) @executable_path/Frameworks @loader_path/Frameworks";
				PRODUCT_NAME = "$(TARGET_NAME)";
				TEST_HOST = "$(BUILT_PRODUCTS_DIR)/taximatico_ios.app/taximatico_ios";
			};
			name = Debug;
		};
		DFE933D21AEBF38F00007739 /* Release */ = {
			isa = XCBuildConfiguration;
			buildSettings = {
				BUNDLE_LOADER = "$(TEST_HOST)";
				FRAMEWORK_SEARCH_PATHS = (
					"$(SDKROOT)/Developer/Library/Frameworks",
					"$(inherited)",
				);
				INFOPLIST_FILE = taximatico_iosTests/Info.plist;
				LD_RUNPATH_SEARCH_PATHS = "$(inherited) @executable_path/Frameworks @loader_path/Frameworks";
				PRODUCT_NAME = "$(TARGET_NAME)";
				TEST_HOST = "$(BUILT_PRODUCTS_DIR)/taximatico_ios.app/taximatico_ios";
			};
			name = Release;
		};
/* End XCBuildConfiguration section */

/* Begin XCConfigurationList section */
		DFE933A91AEBF38E00007739 /* Build configuration list for PBXProject "taximatico_ios" */ = {
			isa = XCConfigurationList;
			buildConfigurations = (
				DFE933CB1AEBF38F00007739 /* Debug */,
				DFE933CC1AEBF38F00007739 /* Release */,
			);
			defaultConfigurationIsVisible = 0;
			defaultConfigurationName = Release;
		};
		DFE933CD1AEBF38F00007739 /* Build configuration list for PBXNativeTarget "taximatico_ios" */ = {
			isa = XCConfigurationList;
			buildConfigurations = (
				DFE933CE1AEBF38F00007739 /* Debug */,
				DFE933CF1AEBF38F00007739 /* Release */,
			);
			defaultConfigurationIsVisible = 0;
			defaultConfigurationName = Release;
		};
		DFE933D01AEBF38F00007739 /* Build configuration list for PBXNativeTarget "taximatico_iosTests" */ = {
			isa = XCConfigurationList;
			buildConfigurations = (
				DFE933D11AEBF38F00007739 /* Debug */,
				DFE933D21AEBF38F00007739 /* Release */,
			);
			defaultConfigurationIsVisible = 0;
			defaultConfigurationName = Release;
		};
/* End XCConfigurationList section */
	};
	rootObject = DFE933A61AEBF38E00007739 /* Project object */;
}
